{
  "name": "ethereum_hackital",
  "version": "1.0.0",
  "lockfileVersion": 1,
  "requires": true,
  "dependencies": {
    "traceroute": {
      "version": "1.0.0",
      "resolved": "https://registry.npmjs.org/traceroute/-/traceroute-1.0.0.tgz",
      "integrity": "sha1-SwiZbiqE7lxc1uDqsV+XzXpWo9s="
    }
  }
}
